// !$*UTF8*$!
{
	archiveVersion = 1;
	classes = {
	};
	objectVersion = 56;
	objects = {

/* Begin PBXBuildFile section */
		A415FEE8B743A0F35F5B979A /* Pods_Parsetagram_ParsetagramUITests.framework in Frameworks */ = {isa = PBXBuildFile; fileRef = 293842EB5952523921FA40A1 /* Pods_Parsetagram_ParsetagramUITests.framework */; };
		BD76322428F96717008EE9B6 /* AppDelegate.swift in Sources */ = {isa = PBXBuildFile; fileRef = BD76322328F96717008EE9B6 /* AppDelegate.swift */; };
		BD76322628F96717008EE9B6 /* SceneDelegate.swift in Sources */ = {isa = PBXBuildFile; fileRef = BD76322528F96717008EE9B6 /* SceneDelegate.swift */; };
		BD76322B28F96717008EE9B6 /* Main.storyboard in Resources */ = {isa = PBXBuildFile; fileRef = BD76322928F96717008EE9B6 /* Main.storyboard */; };
		BD76322D28F9671A008EE9B6 /* Assets.xcassets in Resources */ = {isa = PBXBuildFile; fileRef = BD76322C28F9671A008EE9B6 /* Assets.xcassets */; };
		BD76323028F9671A008EE9B6 /* LaunchScreen.storyboard in Resources */ = {isa = PBXBuildFile; fileRef = BD76322E28F9671A008EE9B6 /* LaunchScreen.storyboard */; };
		BD76323B28F9671A008EE9B6 /* ParsetagramTests.swift in Sources */ = {isa = PBXBuildFile; fileRef = BD76323A28F9671A008EE9B6 /* ParsetagramTests.swift */; };
		BD76324528F9671A008EE9B6 /* ParsetagramUITests.swift in Sources */ = {isa = PBXBuildFile; fileRef = BD76324428F9671A008EE9B6 /* ParsetagramUITests.swift */; };
		BD76324728F9671A008EE9B6 /* ParsetagramUITestsLaunchTests.swift in Sources */ = {isa = PBXBuildFile; fileRef = BD76324628F9671A008EE9B6 /* ParsetagramUITestsLaunchTests.swift */; };
		BD76325428F96DDD008EE9B6 /* LoginViewController.swift in Sources */ = {isa = PBXBuildFile; fileRef = BD76325328F96DDD008EE9B6 /* LoginViewController.swift */; };
		BD76325628F96DFE008EE9B6 /* FeedViewController.swift in Sources */ = {isa = PBXBuildFile; fileRef = BD76325528F96DFE008EE9B6 /* FeedViewController.swift */; };
		BD76325828F978F5008EE9B6 /* CamaraViewController.swift in Sources */ = {isa = PBXBuildFile; fileRef = BD76325728F978F5008EE9B6 /* CamaraViewController.swift */; };
		BD76325A28FA10F6008EE9B6 /* PostCell.swift in Sources */ = {isa = PBXBuildFile; fileRef = BD76325928FA10F6008EE9B6 /* PostCell.swift */; };
		BD89816B2902D03600329398 /* CommentCell.swift in Sources */ = {isa = PBXBuildFile; fileRef = BD89816A2902D03600329398 /* CommentCell.swift */; };
		CDD495DBF4AE138EF30284D4 /* Pods_ParsetagramTests.framework in Frameworks */ = {isa = PBXBuildFile; fileRef = C7118E064AD6106CDF648675 /* Pods_ParsetagramTests.framework */; };
		F98565014770022806A8E4B8 /* Pods_Parsetagram.framework in Frameworks */ = {isa = PBXBuildFile; fileRef = 53E6DB64CFEBA45E703351A6 /* Pods_Parsetagram.framework */; };
/* End PBXBuildFile section */

/* Begin PBXContainerItemProxy section */
		BD76323728F9671A008EE9B6 /* PBXContainerItemProxy */ = {
			isa = PBXContainerItemProxy;
			containerPortal = BD76321828F96717008EE9B6 /* Project object */;
			proxyType = 1;
			remoteGlobalIDString = BD76321F28F96717008EE9B6;
			remoteInfo = Parsetagram;
		};
		BD76324128F9671A008EE9B6 /* PBXContainerItemProxy */ = {
			isa = PBXContainerItemProxy;
			containerPortal = BD76321828F96717008EE9B6 /* Project object */;
			proxyType = 1;
			remoteGlobalIDString = BD76321F28F96717008EE9B6;
			remoteInfo = Parsetagram;
		};
/* End PBXContainerItemProxy section */

/* Begin PBXFileReference section */
		06FD8C5EE56A255647539924 /* Pods-ParsetagramTests.release.xcconfig */ = {isa = PBXFileReference; includeInIndex = 1; lastKnownFileType = text.xcconfig; name = "Pods-ParsetagramTests.release.xcconfig"; path = "Target Support Files/Pods-ParsetagramTests/Pods-ParsetagramTests.release.xcconfig"; sourceTree = "<group>"; };
		07D5C648B42220864CD5BB08 /* Pods-Parsetagram.release.xcconfig */ = {isa = PBXFileReference; includeInIndex = 1; lastKnownFileType = text.xcconfig; name = "Pods-Parsetagram.release.xcconfig"; path = "Target Support Files/Pods-Parsetagram/Pods-Parsetagram.release.xcconfig"; sourceTree = "<group>"; };
		293842EB5952523921FA40A1 /* Pods_Parsetagram_ParsetagramUITests.framework */ = {isa = PBXFileReference; explicitFileType = wrapper.framework; includeInIndex = 0; path = Pods_Parsetagram_ParsetagramUITests.framework; sourceTree = BUILT_PRODUCTS_DIR; };
		53E6DB64CFEBA45E703351A6 /* Pods_Parsetagram.framework */ = {isa = PBXFileReference; explicitFileType = wrapper.framework; includeInIndex = 0; path = Pods_Parsetagram.framework; sourceTree = BUILT_PRODUCTS_DIR; };
		6EE2828A1F921F851CC69FC3 /* Pods-Parsetagram.debug.xcconfig */ = {isa = PBXFileReference; includeInIndex = 1; lastKnownFileType = text.xcconfig; name = "Pods-Parsetagram.debug.xcconfig"; path = "Target Support Files/Pods-Parsetagram/Pods-Parsetagram.debug.xcconfig"; sourceTree = "<group>"; };
		80785AFD08456F5BB08488DA /* Pods-ParsetagramTests.debug.xcconfig */ = {isa = PBXFileReference; includeInIndex = 1; lastKnownFileType = text.xcconfig; name = "Pods-ParsetagramTests.debug.xcconfig"; path = "Target Support Files/Pods-ParsetagramTests/Pods-ParsetagramTests.debug.xcconfig"; sourceTree = "<group>"; };
		BD76322028F96717008EE9B6 /* Parsetagram.app */ = {isa = PBXFileReference; explicitFileType = wrapper.application; includeInIndex = 0; path = Parsetagram.app; sourceTree = BUILT_PRODUCTS_DIR; };
		BD76322328F96717008EE9B6 /* AppDelegate.swift */ = {isa = PBXFileReference; lastKnownFileType = sourcecode.swift; path = AppDelegate.swift; sourceTree = "<group>"; };
		BD76322528F96717008EE9B6 /* SceneDelegate.swift */ = {isa = PBXFileReference; lastKnownFileType = sourcecode.swift; path = SceneDelegate.swift; sourceTree = "<group>"; };
		BD76322A28F96717008EE9B6 /* Base */ = {isa = PBXFileReference; lastKnownFileType = file.storyboard; name = Base; path = Base.lproj/Main.storyboard; sourceTree = "<group>"; };
		BD76322C28F9671A008EE9B6 /* Assets.xcassets */ = {isa = PBXFileReference; lastKnownFileType = folder.assetcatalog; path = Assets.xcassets; sourceTree = "<group>"; };
		BD76322F28F9671A008EE9B6 /* Base */ = {isa = PBXFileReference; lastKnownFileType = file.storyboard; name = Base; path = Base.lproj/LaunchScreen.storyboard; sourceTree = "<group>"; };
		BD76323128F9671A008EE9B6 /* Info.plist */ = {isa = PBXFileReference; lastKnownFileType = text.plist.xml; path = Info.plist; sourceTree = "<group>"; };
		BD76323628F9671A008EE9B6 /* ParsetagramTests.xctest */ = {isa = PBXFileReference; explicitFileType = wrapper.cfbundle; includeInIndex = 0; path = ParsetagramTests.xctest; sourceTree = BUILT_PRODUCTS_DIR; };
		BD76323A28F9671A008EE9B6 /* ParsetagramTests.swift */ = {isa = PBXFileReference; lastKnownFileType = sourcecode.swift; path = ParsetagramTests.swift; sourceTree = "<group>"; };
		BD76324028F9671A008EE9B6 /* ParsetagramUITests.xctest */ = {isa = PBXFileReference; explicitFileType = wrapper.cfbundle; includeInIndex = 0; path = ParsetagramUITests.xctest; sourceTree = BUILT_PRODUCTS_DIR; };
		BD76324428F9671A008EE9B6 /* ParsetagramUITests.swift */ = {isa = PBXFileReference; lastKnownFileType = sourcecode.swift; path = ParsetagramUITests.swift; sourceTree = "<group>"; };
		BD76324628F9671A008EE9B6 /* ParsetagramUITestsLaunchTests.swift */ = {isa = PBXFileReference; lastKnownFileType = sourcecode.swift; path = ParsetagramUITestsLaunchTests.swift; sourceTree = "<group>"; };
		BD76325328F96DDD008EE9B6 /* LoginViewController.swift */ = {isa = PBXFileReference; lastKnownFileType = sourcecode.swift; path = LoginViewController.swift; sourceTree = "<group>"; };
		BD76325528F96DFE008EE9B6 /* FeedViewController.swift */ = {isa = PBXFileReference; lastKnownFileType = sourcecode.swift; path = FeedViewController.swift; sourceTree = "<group>"; };
		BD76325728F978F5008EE9B6 /* CamaraViewController.swift */ = {isa = PBXFileReference; lastKnownFileType = sourcecode.swift; path = CamaraViewController.swift; sourceTree = "<group>"; };
		BD76325928FA10F6008EE9B6 /* PostCell.swift */ = {isa = PBXFileReference; lastKnownFileType = sourcecode.swift; path = PostCell.swift; sourceTree = "<group>"; };
		BD89816A2902D03600329398 /* CommentCell.swift */ = {isa = PBXFileReference; lastKnownFileType = sourcecode.swift; path = CommentCell.swift; sourceTree = "<group>"; };
		C7118E064AD6106CDF648675 /* Pods_ParsetagramTests.framework */ = {isa = PBXFileReference; explicitFileType = wrapper.framework; includeInIndex = 0; path = Pods_ParsetagramTests.framework; sourceTree = BUILT_PRODUCTS_DIR; };
		EB4DFA87D7E35A73F2F0D3AB /* Pods-Parsetagram-ParsetagramUITests.release.xcconfig */ = {isa = PBXFileReference; includeInIndex = 1; lastKnownFileType = text.xcconfig; name = "Pods-Parsetagram-ParsetagramUITests.release.xcconfig"; path = "Target Support Files/Pods-Parsetagram-ParsetagramUITests/Pods-Parsetagram-ParsetagramUITests.release.xcconfig"; sourceTree = "<group>"; };
		F877A8D514ECEBF0A2631235 /* Pods-Parsetagram-ParsetagramUITests.debug.xcconfig */ = {isa = PBXFileReference; includeInIndex = 1; lastKnownFileType = text.xcconfig; name = "Pods-Parsetagram-ParsetagramUITests.debug.xcconfig"; path = "Target Support Files/Pods-Parsetagram-ParsetagramUITests/Pods-Parsetagram-ParsetagramUITests.debug.xcconfig"; sourceTree = "<group>"; };
/* End PBXFileReference section */

/* Begin PBXFrameworksBuildPhase section */
		BD76321D28F96717008EE9B6 /* Frameworks */ = {
			isa = PBXFrameworksBuildPhase;
			buildActionMask = 2147483647;
			files = (
				F98565014770022806A8E4B8 /* Pods_Parsetagram.framework in Frameworks */,
			);
			runOnlyForDeploymentPostprocessing = 0;
		};
		BD76323328F9671A008EE9B6 /* Frameworks */ = {
			isa = PBXFrameworksBuildPhase;
			buildActionMask = 2147483647;
			files = (
				CDD495DBF4AE138EF30284D4 /* Pods_ParsetagramTests.framework in Frameworks */,
			);
			runOnlyForDeploymentPostprocessing = 0;
		};
		BD76323D28F9671A008EE9B6 /* Frameworks */ = {
			isa = PBXFrameworksBuildPhase;
			buildActionMask = 2147483647;
			files = (
				A415FEE8B743A0F35F5B979A /* Pods_Parsetagram_ParsetagramUITests.framework in Frameworks */,
			);
			runOnlyForDeploymentPostprocessing = 0;
		};
/* End PBXFrameworksBuildPhase section */

/* Begin PBXGroup section */
		0D675C85357896B47F95E242 /* Frameworks */ = {
			isa = PBXGroup;
			children = (
				53E6DB64CFEBA45E703351A6 /* Pods_Parsetagram.framework */,
				293842EB5952523921FA40A1 /* Pods_Parsetagram_ParsetagramUITests.framework */,
				C7118E064AD6106CDF648675 /* Pods_ParsetagramTests.framework */,
			);
			name = Frameworks;
			sourceTree = "<group>";
		};
		BD76321728F96717008EE9B6 = {
			isa = PBXGroup;
			children = (
				BD76322228F96717008EE9B6 /* Parsetagram */,
				BD76323928F9671A008EE9B6 /* ParsetagramTests */,
				BD76324328F9671A008EE9B6 /* ParsetagramUITests */,
				BD76322128F96717008EE9B6 /* Products */,
				D9549451F681B66EAFD9C1B1 /* Pods */,
				0D675C85357896B47F95E242 /* Frameworks */,
			);
			sourceTree = "<group>";
		};
		BD76322128F96717008EE9B6 /* Products */ = {
			isa = PBXGroup;
			children = (
				BD76322028F96717008EE9B6 /* Parsetagram.app */,
				BD76323628F9671A008EE9B6 /* ParsetagramTests.xctest */,
				BD76324028F9671A008EE9B6 /* ParsetagramUITests.xctest */,
			);
			name = Products;
			sourceTree = "<group>";
		};
		BD76322228F96717008EE9B6 /* Parsetagram */ = {
			isa = PBXGroup;
			children = (
				BD76322328F96717008EE9B6 /* AppDelegate.swift */,
				BD76322528F96717008EE9B6 /* SceneDelegate.swift */,
				BD76322928F96717008EE9B6 /* Main.storyboard */,
				BD76322C28F9671A008EE9B6 /* Assets.xcassets */,
				BD76322E28F9671A008EE9B6 /* LaunchScreen.storyboard */,
				BD76323128F9671A008EE9B6 /* Info.plist */,
				BD76325328F96DDD008EE9B6 /* LoginViewController.swift */,
				BD76325528F96DFE008EE9B6 /* FeedViewController.swift */,
				BD76325728F978F5008EE9B6 /* CamaraViewController.swift */,
				BD76325928FA10F6008EE9B6 /* PostCell.swift */,
				BD89816A2902D03600329398 /* CommentCell.swift */,
			);
			path = Parsetagram;
			sourceTree = "<group>";
		};
		BD76323928F9671A008EE9B6 /* ParsetagramTests */ = {
			isa = PBXGroup;
			children = (
				BD76323A28F9671A008EE9B6 /* ParsetagramTests.swift */,
			);
			path = ParsetagramTests;
			sourceTree = "<group>";
		};
		BD76324328F9671A008EE9B6 /* ParsetagramUITests */ = {
			isa = PBXGroup;
			children = (
				BD76324428F9671A008EE9B6 /* ParsetagramUITests.swift */,
				BD76324628F9671A008EE9B6 /* ParsetagramUITestsLaunchTests.swift */,
			);
			path = ParsetagramUITests;
			sourceTree = "<group>";
		};
		D9549451F681B66EAFD9C1B1 /* Pods */ = {
			isa = PBXGroup;
			children = (
				6EE2828A1F921F851CC69FC3 /* Pods-Parsetagram.debug.xcconfig */,
				07D5C648B42220864CD5BB08 /* Pods-Parsetagram.release.xcconfig */,
				F877A8D514ECEBF0A2631235 /* Pods-Parsetagram-ParsetagramUITests.debug.xcconfig */,
				EB4DFA87D7E35A73F2F0D3AB /* Pods-Parsetagram-ParsetagramUITests.release.xcconfig */,
				80785AFD08456F5BB08488DA /* Pods-ParsetagramTests.debug.xcconfig */,
				06FD8C5EE56A255647539924 /* Pods-ParsetagramTests.release.xcconfig */,
			);
			path = Pods;
			sourceTree = "<group>";
		};
/* End PBXGroup section */

/* Begin PBXNativeTarget section */
		BD76321F28F96717008EE9B6 /* Parsetagram */ = {
			isa = PBXNativeTarget;
			buildConfigurationList = BD76324A28F9671A008EE9B6 /* Build configuration list for PBXNativeTarget "Parsetagram" */;
			buildPhases = (
				19C683D3E44BDD7061EAE736 /* [CP] Check Pods Manifest.lock */,
				BD76321C28F96717008EE9B6 /* Sources */,
				BD76321D28F96717008EE9B6 /* Frameworks */,
				BD76321E28F96717008EE9B6 /* Resources */,
				87877B0FB187FD99A2EBA430 /* [CP] Embed Pods Frameworks */,
			);
			buildRules = (
			);
			dependencies = (
			);
			name = Parsetagram;
			productName = Parsetagram;
			productReference = BD76322028F96717008EE9B6 /* Parsetagram.app */;
			productType = "com.apple.product-type.application";
		};
		BD76323528F9671A008EE9B6 /* ParsetagramTests */ = {
			isa = PBXNativeTarget;
			buildConfigurationList = BD76324D28F9671A008EE9B6 /* Build configuration list for PBXNativeTarget "ParsetagramTests" */;
			buildPhases = (
				45FDB93B6B43B83A7AD37B83 /* [CP] Check Pods Manifest.lock */,
				BD76323228F9671A008EE9B6 /* Sources */,
				BD76323328F9671A008EE9B6 /* Frameworks */,
				BD76323428F9671A008EE9B6 /* Resources */,
			);
			buildRules = (
			);
			dependencies = (
				BD76323828F9671A008EE9B6 /* PBXTargetDependency */,
			);
			name = ParsetagramTests;
			productName = ParsetagramTests;
			productReference = BD76323628F9671A008EE9B6 /* ParsetagramTests.xctest */;
			productType = "com.apple.product-type.bundle.unit-test";
		};
		BD76323F28F9671A008EE9B6 /* ParsetagramUITests */ = {
			isa = PBXNativeTarget;
			buildConfigurationList = BD76325028F9671A008EE9B6 /* Build configuration list for PBXNativeTarget "ParsetagramUITests" */;
			buildPhases = (
				9707AFB3A64DDDF14FF631C1 /* [CP] Check Pods Manifest.lock */,
				BD76323C28F9671A008EE9B6 /* Sources */,
				BD76323D28F9671A008EE9B6 /* Frameworks */,
				BD76323E28F9671A008EE9B6 /* Resources */,
				5152E6A2527426ABB62A9DD0 /* [CP] Embed Pods Frameworks */,
			);
			buildRules = (
			);
			dependencies = (
				BD76324228F9671A008EE9B6 /* PBXTargetDependency */,
			);
			name = ParsetagramUITests;
			productName = ParsetagramUITests;
			productReference = BD76324028F9671A008EE9B6 /* ParsetagramUITests.xctest */;
			productType = "com.apple.product-type.bundle.ui-testing";
		};
/* End PBXNativeTarget section */

/* Begin PBXProject section */
		BD76321828F96717008EE9B6 /* Project object */ = {
			isa = PBXProject;
			attributes = {
				BuildIndependentTargetsInParallel = 1;
				LastSwiftUpdateCheck = 1400;
				LastUpgradeCheck = 1400;
				TargetAttributes = {
					BD76321F28F96717008EE9B6 = {
						CreatedOnToolsVersion = 14.0.1;
					};
					BD76323528F9671A008EE9B6 = {
						CreatedOnToolsVersion = 14.0.1;
						TestTargetID = BD76321F28F96717008EE9B6;
					};
					BD76323F28F9671A008EE9B6 = {
						CreatedOnToolsVersion = 14.0.1;
						TestTargetID = BD76321F28F96717008EE9B6;
					};
				};
			};
			buildConfigurationList = BD76321B28F96717008EE9B6 /* Build configuration list for PBXProject "Parsetagram" */;
			compatibilityVersion = "Xcode 14.0";
			developmentRegion = en;
			hasScannedForEncodings = 0;
			knownRegions = (
				en,
				Base,
			);
			mainGroup = BD76321728F96717008EE9B6;
			productRefGroup = BD76322128F96717008EE9B6 /* Products */;
			projectDirPath = "";
			projectRoot = "";
			targets = (
				BD76321F28F96717008EE9B6 /* Parsetagram */,
				BD76323528F9671A008EE9B6 /* ParsetagramTests */,
				BD76323F28F9671A008EE9B6 /* ParsetagramUITests */,
			);
		};
/* End PBXProject section */

/* Begin PBXResourcesBuildPhase section */
		BD76321E28F96717008EE9B6 /* Resources */ = {
			isa = PBXResourcesBuildPhase;
			buildActionMask = 2147483647;
			files = (
				BD76323028F9671A008EE9B6 /* LaunchScreen.storyboard in Resources */,
				BD76322D28F9671A008EE9B6 /* Assets.xcassets in Resources */,
				BD76322B28F96717008EE9B6 /* Main.storyboard in Resources */,
			);
			runOnlyForDeploymentPostprocessing = 0;
		};
		BD76323428F9671A008EE9B6 /* Resources */ = {
			isa = PBXResourcesBuildPhase;
			buildActionMask = 2147483647;
			files = (
			);
			runOnlyForDeploymentPostprocessing = 0;
		};
		BD76323E28F9671A008EE9B6 /* Resources */ = {
			isa = PBXResourcesBuildPhase;
			buildActionMask = 2147483647;
			files = (
			);
			runOnlyForDeploymentPostprocessing = 0;
		};
/* End PBXResourcesBuildPhase section */

/* Begin PBXShellScriptBuildPhase section */
		19C683D3E44BDD7061EAE736 /* [CP] Check Pods Manifest.lock */ = {
			isa = PBXShellScriptBuildPhase;
			buildActionMask = 2147483647;
			files = (
			);
			inputFileListPaths = (
			);
			inputPaths = (
				"${PODS_PODFILE_DIR_PATH}/Podfile.lock",
				"${PODS_ROOT}/Manifest.lock",
			);
			name = "[CP] Check Pods Manifest.lock";
			outputFileListPaths = (
			);
			outputPaths = (
				"$(DERIVED_FILE_DIR)/Pods-Parsetagram-checkManifestLockResult.txt",
			);
			runOnlyForDeploymentPostprocessing = 0;
			shellPath = /bin/sh;
			shellScript = "diff \"${PODS_PODFILE_DIR_PATH}/Podfile.lock\" \"${PODS_ROOT}/Manifest.lock\" > /dev/null\nif [ $? != 0 ] ; then\n    # print error to STDERR\n    echo \"error: The sandbox is not in sync with the Podfile.lock. Run 'pod install' or update your CocoaPods installation.\" >&2\n    exit 1\nfi\n# This output is used by Xcode 'outputs' to avoid re-running this script phase.\necho \"SUCCESS\" > \"${SCRIPT_OUTPUT_FILE_0}\"\n";
			showEnvVarsInLog = 0;
		};
		45FDB93B6B43B83A7AD37B83 /* [CP] Check Pods Manifest.lock */ = {
			isa = PBXShellScriptBuildPhase;
			buildActionMask = 2147483647;
			files = (
			);
			inputFileListPaths = (
			);
			inputPaths = (
				"${PODS_PODFILE_DIR_PATH}/Podfile.lock",
				"${PODS_ROOT}/Manifest.lock",
			);
			name = "[CP] Check Pods Manifest.lock";
			outputFileListPaths = (
			);
			outputPaths = (
				"$(DERIVED_FILE_DIR)/Pods-ParsetagramTests-checkManifestLockResult.txt",
			);
			runOnlyForDeploymentPostprocessing = 0;
			shellPath = /bin/sh;
			shellScript = "diff \"${PODS_PODFILE_DIR_PATH}/Podfile.lock\" \"${PODS_ROOT}/Manifest.lock\" > /dev/null\nif [ $? != 0 ] ; then\n    # print error to STDERR\n    echo \"error: The sandbox is not in sync with the Podfile.lock. Run 'pod install' or update your CocoaPods installation.\" >&2\n    exit 1\nfi\n# This output is used by Xcode 'outputs' to avoid re-running this script phase.\necho \"SUCCESS\" > \"${SCRIPT_OUTPUT_FILE_0}\"\n";
			showEnvVarsInLog = 0;
		};
		5152E6A2527426ABB62A9DD0 /* [CP] Embed Pods Frameworks */ = {
			isa = PBXShellScriptBuildPhase;
			buildActionMask = 2147483647;
			files = (
			);
			inputFileListPaths = (
				"${PODS_ROOT}/Target Support Files/Pods-Parsetagram-ParsetagramUITests/Pods-Parsetagram-ParsetagramUITests-frameworks-${CONFIGURATION}-input-files.xcfilelist",
			);
			name = "[CP] Embed Pods Frameworks";
			outputFileListPaths = (
				"${PODS_ROOT}/Target Support Files/Pods-Parsetagram-ParsetagramUITests/Pods-Parsetagram-ParsetagramUITests-frameworks-${CONFIGURATION}-output-files.xcfilelist",
			);
			runOnlyForDeploymentPostprocessing = 0;
			shellPath = /bin/sh;
			shellScript = "\"${PODS_ROOT}/Target Support Files/Pods-Parsetagram-ParsetagramUITests/Pods-Parsetagram-ParsetagramUITests-frameworks.sh\"\n";
			showEnvVarsInLog = 0;
		};
		87877B0FB187FD99A2EBA430 /* [CP] Embed Pods Frameworks */ = {
			isa = PBXShellScriptBuildPhase;
			buildActionMask = 2147483647;
			files = (
			);
			inputFileListPaths = (
				"${PODS_ROOT}/Target Support Files/Pods-Parsetagram/Pods-Parsetagram-frameworks-${CONFIGURATION}-input-files.xcfilelist",
			);
			name = "[CP] Embed Pods Frameworks";
			outputFileListPaths = (
				"${PODS_ROOT}/Target Support Files/Pods-Parsetagram/Pods-Parsetagram-frameworks-${CONFIGURATION}-output-files.xcfilelist",
			);
			runOnlyForDeploymentPostprocessing = 0;
			shellPath = /bin/sh;
			shellScript = "\"${PODS_ROOT}/Target Support Files/Pods-Parsetagram/Pods-Parsetagram-frameworks.sh\"\n";
			showEnvVarsInLog = 0;
		};
		9707AFB3A64DDDF14FF631C1 /* [CP] Check Pods Manifest.lock */ = {
			isa = PBXShellScriptBuildPhase;
			buildActionMask = 2147483647;
			files = (
			);
			inputFileListPaths = (
			);
			inputPaths = (
				"${PODS_PODFILE_DIR_PATH}/Podfile.lock",
				"${PODS_ROOT}/Manifest.lock",
			);
			name = "[CP] Check Pods Manifest.lock";
			outputFileListPaths = (
			);
			outputPaths = (
				"$(DERIVED_FILE_DIR)/Pods-Parsetagram-ParsetagramUITests-checkManifestLockResult.txt",
			);
			runOnlyForDeploymentPostprocessing = 0;
			shellPath = /bin/sh;
			shellScript = "diff \"${PODS_PODFILE_DIR_PATH}/Podfile.lock\" \"${PODS_ROOT}/Manifest.lock\" > /dev/null\nif [ $? != 0 ] ; then\n    # print error to STDERR\n    echo \"error: The sandbox is not in sync with the Podfile.lock. Run 'pod install' or update your CocoaPods installation.\" >&2\n    exit 1\nfi\n# This output is used by Xcode 'outputs' to avoid re-running this script phase.\necho \"SUCCESS\" > \"${SCRIPT_OUTPUT_FILE_0}\"\n";
			showEnvVarsInLog = 0;
		};
/* End PBXShellScriptBuildPhase section */

/* Begin PBXSourcesBuildPhase section */
		BD76321C28F96717008EE9B6 /* Sources */ = {
			isa = PBXSourcesBuildPhase;
			buildActionMask = 2147483647;
			files = (
				BD76325828F978F5008EE9B6 /* CamaraViewController.swift in Sources */,
				BD76325428F96DDD008EE9B6 /* LoginViewController.swift in Sources */,
				BD76322428F96717008EE9B6 /* AppDelegate.swift in Sources */,
				BD76325628F96DFE008EE9B6 /* FeedViewController.swift in Sources */,
				BD76322628F96717008EE9B6 /* SceneDelegate.swift in Sources */,
				BD76325A28FA10F6008EE9B6 /* PostCell.swift in Sources */,
				BD89816B2902D03600329398 /* CommentCell.swift in Sources */,
			);
			runOnlyForDeploymentPostprocessing = 0;
		};
		BD76323228F9671A008EE9B6 /* Sources */ = {
			isa = PBXSourcesBuildPhase;
			buildActionMask = 2147483647;
			files = (
				BD76323B28F9671A008EE9B6 /* ParsetagramTests.swift in Sources */,
			);
			runOnlyForDeploymentPostprocessing = 0;
		};
		BD76323C28F9671A008EE9B6 /* Sources */ = {
			isa = PBXSourcesBuildPhase;
			buildActionMask = 2147483647;
			files = (
				BD76324728F9671A008EE9B6 /* ParsetagramUITestsLaunchTests.swift in Sources */,
				BD76324528F9671A008EE9B6 /* ParsetagramUITests.swift in Sources */,
			);
			runOnlyForDeploymentPostprocessing = 0;
		};
/* End PBXSourcesBuildPhase section */

/* Begin PBXTargetDependency section */
		BD76323828F9671A008EE9B6 /* PBXTargetDependency */ = {
			isa = PBXTargetDependency;
			target = BD76321F28F96717008EE9B6 /* Parsetagram */;
			targetProxy = BD76323728F9671A008EE9B6 /* PBXContainerItemProxy */;
		};
		BD76324228F9671A008EE9B6 /* PBXTargetDependency */ = {
			isa = PBXTargetDependency;
			target = BD76321F28F96717008EE9B6 /* Parsetagram */;
			targetProxy = BD76324128F9671A008EE9B6 /* PBXContainerItemProxy */;
		};
/* End PBXTargetDependency section */

/* Begin PBXVariantGroup section */
		BD76322928F96717008EE9B6 /* Main.storyboard */ = {
			isa = PBXVariantGroup;
			children = (
				BD76322A28F96717008EE9B6 /* Base */,
			);
			name = Main.storyboard;
			sourceTree = "<group>";
		};
		BD76322E28F9671A008EE9B6 /* LaunchScreen.storyboard */ = {
			isa = PBXVariantGroup;
			children = (
				BD76322F28F9671A008EE9B6 /* Base */,
			);
			name = LaunchScreen.storyboard;
			sourceTree = "<group>";
		};
/* End PBXVariantGroup section */

/* Begin XCBuildConfiguration section */
		BD76324828F9671A008EE9B6 /* Debug */ = {
			isa = XCBuildConfiguration;
			buildSettings = {
				ALWAYS_SEARCH_USER_PATHS = NO;
				CLANG_ANALYZER_NONNULL = YES;
				CLANG_ANALYZER_NUMBER_OBJECT_CONVERSION = YES_AGGRESSIVE;
				CLANG_CXX_LANGUAGE_STANDARD = "gnu++20";
				CLANG_ENABLE_MODULES = YES;
				CLANG_ENABLE_OBJC_ARC = YES;
				CLANG_ENABLE_OBJC_WEAK = YES;
				CLANG_WARN_BLOCK_CAPTURE_AUTORELEASING = YES;
				CLANG_WARN_BOOL_CONVERSION = YES;
				CLANG_WARN_COMMA = YES;
				CLANG_WARN_CONSTANT_CONVERSION = YES;
				CLANG_WARN_DEPRECATED_OBJC_IMPLEMENTATIONS = YES;
				CLANG_WARN_DIRECT_OBJC_ISA_USAGE = YES_ERROR;
				CLANG_WARN_DOCUMENTATION_COMMENTS = YES;
				CLANG_WARN_EMPTY_BODY = YES;
				CLANG_WARN_ENUM_CONVERSION = YES;
				CLANG_WARN_INFINITE_RECURSION = YES;
				CLANG_WARN_INT_CONVERSION = YES;
				CLANG_WARN_NON_LITERAL_NULL_CONVERSION = YES;
				CLANG_WARN_OBJC_IMPLICIT_RETAIN_SELF = YES;
				CLANG_WARN_OBJC_LITERAL_CONVERSION = YES;
				CLANG_WARN_OBJC_ROOT_CLASS = YES_ERROR;
				CLANG_WARN_QUOTED_INCLUDE_IN_FRAMEWORK_HEADER = YES;
				CLANG_WARN_RANGE_LOOP_ANALYSIS = YES;
				CLANG_WARN_STRICT_PROTOTYPES = YES;
				CLANG_WARN_SUSPICIOUS_MOVE = YES;
				CLANG_WARN_UNGUARDED_AVAILABILITY = YES_AGGRESSIVE;
				CLANG_WARN_UNREACHABLE_CODE = YES;
				CLANG_WARN__DUPLICATE_METHOD_MATCH = YES;
				COPY_PHASE_STRIP = NO;
				DEBUG_INFORMATION_FORMAT = dwarf;
				ENABLE_STRICT_OBJC_MSGSEND = YES;
				ENABLE_TESTABILITY = YES;
				GCC_C_LANGUAGE_STANDARD = gnu11;
				GCC_DYNAMIC_NO_PIC = NO;
				GCC_NO_COMMON_BLOCKS = YES;
				GCC_OPTIMIZATION_LEVEL = 0;
				GCC_PREPROCESSOR_DEFINITIONS = (
					"DEBUG=1",
					"$(inherited)",
				);
				GCC_WARN_64_TO_32_BIT_CONVERSION = YES;
				GCC_WARN_ABOUT_RETURN_TYPE = YES_ERROR;
				GCC_WARN_UNDECLARED_SELECTOR = YES;
				GCC_WARN_UNINITIALIZED_AUTOS = YES_AGGRESSIVE;
				GCC_WARN_UNUSED_FUNCTION = YES;
				GCC_WARN_UNUSED_VARIABLE = YES;
				IPHONEOS_DEPLOYMENT_TARGET = 16.0;
				MTL_ENABLE_DEBUG_INFO = INCLUDE_SOURCE;
				MTL_FAST_MATH = YES;
				ONLY_ACTIVE_ARCH = YES;
				SDKROOT = iphoneos;
				SWIFT_ACTIVE_COMPILATION_CONDITIONS = DEBUG;
				SWIFT_OPTIMIZATION_LEVEL = "-Onone";
			};
			name = Debug;
		};
		BD76324928F9671A008EE9B6 /* Release */ = {
			isa = XCBuildConfiguration;
			buildSettings = {
				ALWAYS_SEARCH_USER_PATHS = NO;
				CLANG_ANALYZER_NONNULL = YES;
				CLANG_ANALYZER_NUMBER_OBJECT_CONVERSION = YES_AGGRESSIVE;
				CLANG_CXX_LANGUAGE_STANDARD = "gnu++20";
				CLANG_ENABLE_MODULES = YES;
				CLANG_ENABLE_OBJC_ARC = YES;
				CLANG_ENABLE_OBJC_WEAK = YES;
				CLANG_WARN_BLOCK_CAPTURE_AUTORELEASING = YES;
				CLANG_WARN_BOOL_CONVERSION = YES;
				CLANG_WARN_COMMA = YES;
				CLANG_WARN_CONSTANT_CONVERSION = YES;
				CLANG_WARN_DEPRECATED_OBJC_IMPLEMENTATIONS = YES;
				CLANG_WARN_DIRECT_OBJC_ISA_USAGE = YES_ERROR;
				CLANG_WARN_DOCUMENTATION_COMMENTS = YES;
				CLANG_WARN_EMPTY_BODY = YES;
				CLANG_WARN_ENUM_CONVERSION = YES;
				CLANG_WARN_INFINITE_RECURSION = YES;
				CLANG_WARN_INT_CONVERSION = YES;
				CLANG_WARN_NON_LITERAL_NULL_CONVERSION = YES;
				CLANG_WARN_OBJC_IMPLICIT_RETAIN_SELF = YES;
				CLANG_WARN_OBJC_LITERAL_CONVERSION = YES;
				CLANG_WARN_OBJC_ROOT_CLASS = YES_ERROR;
				CLANG_WARN_QUOTED_INCLUDE_IN_FRAMEWORK_HEADER = YES;
				CLANG_WARN_RANGE_LOOP_ANALYSIS = YES;
				CLANG_WARN_STRICT_PROTOTYPES = YES;
				CLANG_WARN_SUSPICIOUS_MOVE = YES;
				CLANG_WARN_UNGUARDED_AVAILABILITY = YES_AGGRESSIVE;
				CLANG_WARN_UNREACHABLE_CODE = YES;
				CLANG_WARN__DUPLICATE_METHOD_MATCH = YES;
				COPY_PHASE_STRIP = NO;
				DEBUG_INFORMATION_FORMAT = "dwarf-with-dsym";
				ENABLE_NS_ASSERTIONS = NO;
				ENABLE_STRICT_OBJC_MSGSEND = YES;
				GCC_C_LANGUAGE_STANDARD = gnu11;
				GCC_NO_COMMON_BLOCKS = YES;
				GCC_WARN_64_TO_32_BIT_CONVERSION = YES;
				GCC_WARN_ABOUT_RETURN_TYPE = YES_ERROR;
				GCC_WARN_UNDECLARED_SELECTOR = YES;
				GCC_WARN_UNINITIALIZED_AUTOS = YES_AGGRESSIVE;
				GCC_WARN_UNUSED_FUNCTION = YES;
				GCC_WARN_UNUSED_VARIABLE = YES;
				IPHONEOS_DEPLOYMENT_TARGET = 16.0;
				MTL_ENABLE_DEBUG_INFO = NO;
				MTL_FAST_MATH = YES;
				SDKROOT = iphoneos;
				SWIFT_COMPILATION_MODE = wholemodule;
				SWIFT_OPTIMIZATION_LEVEL = "-O";
				VALIDATE_PRODUCT = YES;
			};
			name = Release;
		};
		BD76324B28F9671A008EE9B6 /* Debug */ = {
			isa = XCBuildConfiguration;
			baseConfigurationReference = 6EE2828A1F921F851CC69FC3 /* Pods-Parsetagram.debug.xcconfig */;
			buildSettings = {
				ASSETCATALOG_COMPILER_APPICON_NAME = AppIcon;
				ASSETCATALOG_COMPILER_GLOBAL_ACCENT_COLOR_NAME = AccentColor;
				ASSETCATALOG_COMPILER_INCLUDE_ALL_APPICON_ASSETS = YES;
				CODE_SIGN_STYLE = Automatic;
				CURRENT_PROJECT_VERSION = 1;
				DEVELOPMENT_TEAM = CB6LLMVDFJ;
				GENERATE_INFOPLIST_FILE = YES;
				INFOPLIST_FILE = Parsetagram/Info.plist;
				INFOPLIST_KEY_UIApplicationSupportsIndirectInputEvents = YES;
				INFOPLIST_KEY_UILaunchStoryboardName = LaunchScreen;
				INFOPLIST_KEY_UIMainStoryboardFile = Main;
				INFOPLIST_KEY_UISupportedInterfaceOrientations_iPad = "UIInterfaceOrientationPortrait UIInterfaceOrientationPortraitUpsideDown UIInterfaceOrientationLandscapeLeft UIInterfaceOrientationLandscapeRight";
				INFOPLIST_KEY_UISupportedInterfaceOrientations_iPhone = "UIInterfaceOrientationPortrait UIInterfaceOrientationLandscapeLeft UIInterfaceOrientationLandscapeRight";
				IPHONEOS_DEPLOYMENT_TARGET = 14.0;
				LD_RUNPATH_SEARCH_PATHS = (
					"$(inherited)",
					"@executable_path/Frameworks",
				);
				MARKETING_VERSION = 1.0;
				PRODUCT_BUNDLE_IDENTIFIER = com.yunsan22.Parsetagram;
				PRODUCT_NAME = "$(TARGET_NAME)";
				SWIFT_EMIT_LOC_STRINGS = YES;
				SWIFT_VERSION = 5.0;
				TARGETED_DEVICE_FAMILY = "1,2";
			};
			name = Debug;
		};
		BD76324C28F9671A008EE9B6 /* Release */ = {
			isa = XCBuildConfiguration;
			baseConfigurationReference = 07D5C648B42220864CD5BB08 /* Pods-Parsetagram.release.xcconfig */;
			buildSettings = {
				ASSETCATALOG_COMPILER_APPICON_NAME = AppIcon;
				ASSETCATALOG_COMPILER_GLOBAL_ACCENT_COLOR_NAME = AccentColor;
				ASSETCATALOG_COMPILER_INCLUDE_ALL_APPICON_ASSETS = YES;
				CODE_SIGN_STYLE = Automatic;
				CURRENT_PROJECT_VERSION = 1;
				DEVELOPMENT_TEAM = CB6LLMVDFJ;
				GENERATE_INFOPLIST_FILE = YES;
				INFOPLIST_FILE = Parsetagram/Info.plist;
				INFOPLIST_KEY_UIApplicationSupportsIndirectInputEvents = YES;
				INFOPLIST_KEY_UILaunchStoryboardName = LaunchScreen;
				INFOPLIST_KEY_UIMainStoryboardFile = Main;
				INFOPLIST_KEY_UISupportedInterfaceOrientations_iPad = "UIInterfaceOrientationPortrait UIInterfaceOrientationPortraitUpsideDown UIInterfaceOrientationLandscapeLeft UIInterfaceOrientationLandscapeRight";
				INFOPLIST_KEY_UISupportedInterfaceOrientations_iPhone = "UIInterfaceOrientationPortrait UIInterfaceOrientationLandscapeLeft UIInterfaceOrientationLandscapeRight";
				IPHONEOS_DEPLOYMENT_TARGET = 14.0;
				LD_RUNPATH_SEARCH_PATHS = (
					"$(inherited)",
					"@executable_path/Frameworks",
				);
				MARKETING_VERSION = 1.0;
				PRODUCT_BUNDLE_IDENTIFIER = com.yunsan22.Parsetagram;
				PRODUCT_NAME = "$(TARGET_NAME)";
				SWIFT_EMIT_LOC_STRINGS = YES;
				SWIFT_VERSION = 5.0;
				TARGETED_DEVICE_FAMILY = "1,2";
			};
			name = Release;
		};
		BD76324E28F9671A008EE9B6 /* Debug */ = {
			isa = XCBuildConfiguration;
			baseConfigurationReference = 80785AFD08456F5BB08488DA /* Pods-ParsetagramTests.debug.xcconfig */;
			buildSettings = {
				ALWAYS_EMBED_SWIFT_STANDARD_LIBRARIES = YES;
				BUNDLE_LOADER = "$(TEST_HOST)";
				CODE_SIGN_STYLE = Automatic;
				CURRENT_PROJECT_VERSION = 1;
				DEVELOPMENT_TEAM = CB6LLMVDFJ;
				GENERATE_INFOPLIST_FILE = YES;
				IPHONEOS_DEPLOYMENT_TARGET = 16.0;
				MARKETING_VERSION = 1.0;
				PRODUCT_BUNDLE_IDENTIFIER = com.yunsan22.ParsetagramTests;
				PRODUCT_NAME = "$(TARGET_NAME)";
				SWIFT_EMIT_LOC_STRINGS = NO;
				SWIFT_VERSION = 5.0;
				TARGETED_DEVICE_FAMILY = "1,2";
				TEST_HOST = "$(BUILT_PRODUCTS_DIR)/Parsetagram.app/$(BUNDLE_EXECUTABLE_FOLDER_PATH)/Parsetagram";
			};
			name = Debug;
		};
		BD76324F28F9671A008EE9B6 /* Release */ = {
			isa = XCBuildConfiguration;
			baseConfigurationReference = 06FD8C5EE56A255647539924 /* Pods-ParsetagramTests.release.xcconfig */;
			buildSettings = {
				ALWAYS_EMBED_SWIFT_STANDARD_LIBRARIES = YES;
				BUNDLE_LOADER = "$(TEST_HOST)";
				CODE_SIGN_STYLE = Automatic;
				CURRENT_PROJECT_VERSION = 1;
				DEVELOPMENT_TEAM = CB6LLMVDFJ;
				GENERATE_INFOPLIST_FILE = YES;
				IPHONEOS_DEPLOYMENT_TARGET = 16.0;
				MARKETING_VERSION = 1.0;
				PRODUCT_BUNDLE_IDENTIFIER = com.yunsan22.ParsetagramTests;
				PRODUCT_NAME = "$(TARGET_NAME)";
				SWIFT_EMIT_LOC_STRINGS = NO;
				SWIFT_VERSION = 5.0;
				TARGETED_DEVICE_FAMILY = "1,2";
				TEST_HOST = "$(BUILT_PRODUCTS_DIR)/Parsetagram.app/$(BUNDLE_EXECUTABLE_FOLDER_PATH)/Parsetagram";
			};
			name = Release;
		};
		BD76325128F9671A008EE9B6 /* Debug */ = {
			isa = XCBuildConfiguration;
			baseConfigurationReference = F877A8D514ECEBF0A2631235 /* Pods-Parsetagram-ParsetagramUITests.debug.xcconfig */;
			buildSettings = {
				ALWAYS_EMBED_SWIFT_STANDARD_LIBRARIES = YES;
				CODE_SIGN_STYLE = Automatic;
				CURRENT_PROJECT_VERSION = 1;
				DEVELOPMENT_TEAM = CB6LLMVDFJ;
				GENERATE_INFOPLIST_FILE = YES;
				MARKETING_VERSION = 1.0;
				PRODUCT_BUNDLE_IDENTIFIER = com.yunsan22.ParsetagramUITests;
				PRODUCT_NAME = "$(TARGET_NAME)";
				SWIFT_EMIT_LOC_STRINGS = NO;
				SWIFT_VERSION = 5.0;
				TARGETED_DEVICE_FAMILY = "1,2";
				TEST_TARGET_NAME = Parsetagram;
			};
			name = Debug;
		};
		BD76325228F9671A008EE9B6 /* Release */ = {
			isa = XCBuildConfiguration;
			baseConfigurationReference = EB4DFA87D7E35A73F2F0D3AB /* Pods-Parsetagram-ParsetagramUITests.release.xcconfig */;
			buildSettings = {
				ALWAYS_EMBED_SWIFT_STANDARD_LIBRARIES = YES;
				CODE_SIGN_STYLE = Automatic;
				CURRENT_PROJECT_VERSION = 1;
				DEVELOPMENT_TEAM = CB6LLMVDFJ;
				GENERATE_INFOPLIST_FILE = YES;
				MARKETING_VERSION = 1.0;
				PRODUCT_BUNDLE_IDENTIFIER = com.yunsan22.ParsetagramUITests;
				PRODUCT_NAME = "$(TARGET_NAME)";
				SWIFT_EMIT_LOC_STRINGS = NO;
				SWIFT_VERSION = 5.0;
				TARGETED_DEVICE_FAMILY = "1,2";
				TEST_TARGET_NAME = Parsetagram;
			};
			name = Release;
		};
/* End XCBuildConfiguration section */

/* Begin XCConfigurationList section */
		BD76321B28F96717008EE9B6 /* Build configuration list for PBXProject "Parsetagram" */ = {
			isa = XCConfigurationList;
			buildConfigurations = (
				BD76324828F9671A008EE9B6 /* Debug */,
				BD76324928F9671A008EE9B6 /* Release */,
			);
			defaultConfigurationIsVisible = 0;
			defaultConfigurationName = Release;
		};
		BD76324A28F9671A008EE9B6 /* Build configuration list for PBXNativeTarget "Parsetagram" */ = {
			isa = XCConfigurationList;
			buildConfigurations = (
				BD76324B28F9671A008EE9B6 /* Debug */,
				BD76324C28F9671A008EE9B6 /* Release */,
			);
			defaultConfigurationIsVisible = 0;
			defaultConfigurationName = Release;
		};
		BD76324D28F9671A008EE9B6 /* Build configuration list for PBXNativeTarget "ParsetagramTests" */ = {
			isa = XCConfigurationList;
			buildConfigurations = (
				BD76324E28F9671A008EE9B6 /* Debug */,
				BD76324F28F9671A008EE9B6 /* Release */,
			);
			defaultConfigurationIsVisible = 0;
			defaultConfigurationName = Release;
		};
		BD76325028F9671A008EE9B6 /* Build configuration list for PBXNativeTarget "ParsetagramUITests" */ = {
			isa = XCConfigurationList;
			buildConfigurations = (
				BD76325128F9671A008EE9B6 /* Debug */,
				BD76325228F9671A008EE9B6 /* Release */,
			);
			defaultConfigurationIsVisible = 0;
			defaultConfigurationName = Release;
		};
/* End XCConfigurationList section */
	};
	rootObject = BD76321828F96717008EE9B6 /* Project object */;
}
